
Microsoft Visual Studio Solution File, Format Version 12.00
# Visual Studio Version 16
VisualStudioVersion = 16.0.29728.190
MinimumVisualStudioVersion = 10.0.40219.1
Project("{9A19103F-16F7-4668-BE54-9A1E7A4F7556}") = "StockSimulator", "StockSimulator\StockSimulator.csproj", "{DE060134-6D44-476A-BD1E-5B0D8282931B}"
EndProject
Project("{FAE04EC0-301F-11D3-BF4B-00C04F79EFBC}") = "StockSimulatorTest", "StockSimulatorTest\StockSimulatorTest.csproj", "{0B12FBE7-C5F5-4766-A4FC-070ADA77F186}"
EndProject
Global
	GlobalSection(SolutionConfigurationPlatforms) = preSolution
		Debug|Any CPU = Debug|Any CPU
		Release|Any CPU = Release|Any CPU
	EndGlobalSection
	GlobalSection(ProjectConfigurationPlatforms) = postSolution
		{DE060134-6D44-476A-BD1E-5B0D8282931B}.Debug|Any CPU.ActiveCfg = Debug|Any CPU
		{DE060134-6D44-476A-BD1E-5B0D8282931B}.Debug|Any CPU.Build.0 = Debug|Any CPU
		{DE060134-6D44-476A-BD1E-5B0D8282931B}.Release|Any CPU.ActiveCfg = Release|Any CPU
		{DE060134-6D44-476A-BD1E-5B0D8282931B}.Release|Any CPU.Build.0 = Release|Any CPU
		{0B12FBE7-C5F5-4766-A4FC-070ADA77F186}.Debug|Any CPU.ActiveCfg = Debug|Any CPU
		{0B12FBE7-C5F5-4766-A4FC-070ADA77F186}.Debug|Any CPU.Build.0 = Debug|Any CPU
		{0B12FBE7-C5F5-4766-A4FC-070ADA77F186}.Release|Any CPU.ActiveCfg = Release|Any CPU
		{0B12FBE7-C5F5-4766-A4FC-070ADA77F186}.Release|Any CPU.Build.0 = Release|Any CPU
	EndGlobalSection
	GlobalSection(SolutionProperties) = preSolution
		HideSolutionNode = FALSE
	EndGlobalSection
	GlobalSection(ExtensibilityGlobals) = postSolution
		SolutionGuid = {D428CBDA-BA4E-4C44-9335-EF6FD14CB722}
	EndGlobalSection
EndGlobal
